
Microsoft Visual Studio Solution File, Format Version 12.00
# Visual Studio Version 16
VisualStudioVersion = 16.0.31410.223
MinimumVisualStudioVersion = 10.0.40219.1
Project("{FAE04EC0-301F-11D3-BF4B-00C04F79EFBC}") = "Vectors", "Vectors.csproj", "{0640E38F-6739-4A91-917D-0FB398DB04BA}"
EndProject
Global
	GlobalSection(SolutionConfigurationPlatforms) = preSolution
		Debug|Any CPU = Debug|Any CPU
		Release|Any CPU = Release|Any CPU
	EndGlobalSection
	GlobalSection(ProjectConfigurationPlatforms) = postSolution
		{0640E38F-6739-4A91-917D-0FB398DB04BA}.Debug|Any CPU.ActiveCfg = Debug|Any CPU
		{0640E38F-6739-4A91-917D-0FB398DB04BA}.Debug|Any CPU.Build.0 = Debug|Any CPU
		{0640E38F-6739-4A91-917D-0FB398DB04BA}.Release|Any CPU.ActiveCfg = Release|Any CPU
		{0640E38F-6739-4A91-917D-0FB398DB04BA}.Release|Any CPU.Build.0 = Release|Any CPU
	EndGlobalSection
	GlobalSection(SolutionProperties) = preSolution
		HideSolutionNode = FALSE
	EndGlobalSection
	GlobalSection(ExtensibilityGlobals) = postSolution
		SolutionGuid = {95225C8C-8598-4C4B-B0FD-7817C6E59743}
	EndGlobalSection
EndGlobal
